// !$*UTF8*$!
{
	archiveVersion = 1;
	classes = {
	};
	objectVersion = 50;
	objects = {

/* Begin PBXBuildFile section */
		D60C72877B2215C2C9573EB7 /* Pods_dbr.framework in Frameworks */ = {isa = PBXBuildFile; fileRef = E71D7B1212206BDD362792F9 /* Pods_dbr.framework */; };
		FC0E5DFD21790D4F001C20C6 /* UIViewController+drag.swift in Sources */ = {isa = PBXBuildFile; fileRef = FC0E5DFC21790D4F001C20C6 /* UIViewController+drag.swift */; };
		FC0E5DFF2179175B001C20C6 /* UIView+corners.swift in Sources */ = {isa = PBXBuildFile; fileRef = FC0E5DFE2179175B001C20C6 /* UIView+corners.swift */; };
		FC0E5E0121792A53001C20C6 /* Main.storyboard in Resources */ = {isa = PBXBuildFile; fileRef = FC0E5E0021792A53001C20C6 /* Main.storyboard */; };
		FC0E5E03217934E1001C20C6 /* DateMenuBarResponder.swift in Sources */ = {isa = PBXBuildFile; fileRef = FC0E5E02217934E1001C20C6 /* DateMenuBarResponder.swift */; };
		FC0E5E05217934F0001C20C6 /* ScriptureMenuBarResponder.swift in Sources */ = {isa = PBXBuildFile; fileRef = FC0E5E04217934F0001C20C6 /* ScriptureMenuBarResponder.swift */; };
		FC11DF63215DD5E7009E166B /* AppDelegate.swift in Sources */ = {isa = PBXBuildFile; fileRef = FC11DF62215DD5E7009E166B /* AppDelegate.swift */; };
		FC11DF65215DD5E8009E166B /* DailyBibleReadingViewController.swift in Sources */ = {isa = PBXBuildFile; fileRef = FC11DF64215DD5E8009E166B /* DailyBibleReadingViewController.swift */; };
		FC11DF6A215DD5E9009E166B /* Assets.xcassets in Resources */ = {isa = PBXBuildFile; fileRef = FC11DF69215DD5E9009E166B /* Assets.xcassets */; };
		FC11DF6D215DD5E9009E166B /* LaunchScreen.storyboard in Resources */ = {isa = PBXBuildFile; fileRef = FC11DF6B215DD5E9009E166B /* LaunchScreen.storyboard */; };
		FC11DF78215DD5E9009E166B /* CacheTests.swift in Sources */ = {isa = PBXBuildFile; fileRef = FC11DF77215DD5E9009E166B /* CacheTests.swift */; };
		FC11DF85215DD92C009E166B /* README.md in Resources */ = {isa = PBXBuildFile; fileRef = FC11DF83215DD92C009E166B /* README.md */; };
		FC11DF88215DD998009E166B /* HttpService.swift in Sources */ = {isa = PBXBuildFile; fileRef = FC11DF87215DD998009E166B /* HttpService.swift */; };
		FC11DF8A215DD9A1009E166B /* CompassService.swift in Sources */ = {isa = PBXBuildFile; fileRef = FC11DF89215DD9A1009E166B /* CompassService.swift */; };
		FC25B1FD2161D6F000046A63 /* UILabel+lineSpacing.swift in Sources */ = {isa = PBXBuildFile; fileRef = FC25B1FC2161D6F000046A63 /* UILabel+lineSpacing.swift */; };
		FC25B2012161F14800046A63 /* HeadlandOne-Regular.ttf in Resources */ = {isa = PBXBuildFile; fileRef = FC25B1FF2161F14800046A63 /* HeadlandOne-Regular.ttf */; };
		FC25B2022161F14800046A63 /* OpenSans-Regular.ttf in Resources */ = {isa = PBXBuildFile; fileRef = FC25B2002161F14800046A63 /* OpenSans-Regular.ttf */; };
		FC25B2042162801600046A63 /* UILabel+optimalHeight.swift in Sources */ = {isa = PBXBuildFile; fileRef = FC25B2032162801600046A63 /* UILabel+optimalHeight.swift */; };
		FC32EF5F2162CFB000D4DC6E /* Scripture.storyboard in Resources */ = {isa = PBXBuildFile; fileRef = FC32EF5E2162CFB000D4DC6E /* Scripture.storyboard */; };
		FC5EF81A21640A7F00F00ABA /* MenuBarViewController.swift in Sources */ = {isa = PBXBuildFile; fileRef = FC5EF81921640A7F00F00ABA /* MenuBarViewController.swift */; };
		FC5EF81C21640F7200F00ABA /* MainViewController.swift in Sources */ = {isa = PBXBuildFile; fileRef = FC5EF81B21640F7200F00ABA /* MainViewController.swift */; };
		FC5EF81E21640FD700F00ABA /* DailyBibleReading.storyboard in Resources */ = {isa = PBXBuildFile; fileRef = FC5EF81D21640FD700F00ABA /* DailyBibleReading.storyboard */; };
		FC5EF820216413AF00F00ABA /* MenuBar.storyboard in Resources */ = {isa = PBXBuildFile; fileRef = FC5EF81F216413AF00F00ABA /* MenuBar.storyboard */; };
		FC61BA0D216AC278004B0060 /* Date+equality.swift in Sources */ = {isa = PBXBuildFile; fileRef = FC61BA0C216AC278004B0060 /* Date+equality.swift */; };
		FC6E81BC2162C38F00522C5F /* ScriptureViewController.swift in Sources */ = {isa = PBXBuildFile; fileRef = FC6E81BB2162C38F00522C5F /* ScriptureViewController.swift */; };
		FC7B1E4B2166F583003FEB09 /* OpenSans-SemiBold.ttf in Resources */ = {isa = PBXBuildFile; fileRef = FC7B1E4A2166F583003FEB09 /* OpenSans-SemiBold.ttf */; };
		FC7B1E4D21672EE3003FEB09 /* OpenSans-Bold.ttf in Resources */ = {isa = PBXBuildFile; fileRef = FC7B1E4C21672EE3003FEB09 /* OpenSans-Bold.ttf */; };
		FC7EF1D02164D03C009FE58A /* CacheService.swift in Sources */ = {isa = PBXBuildFile; fileRef = FC7EF1CF2164D03C009FE58A /* CacheService.swift */; };
		FC7EF1D22164E169009FE58A /* Observable+cache.swift in Sources */ = {isa = PBXBuildFile; fileRef = FC7EF1D12164E169009FE58A /* Observable+cache.swift */; };
		FC7EF1D42164EA0B009FE58A /* Date+format.swift in Sources */ = {isa = PBXBuildFile; fileRef = FC7EF1D32164EA0B009FE58A /* Date+format.swift */; };
		FC7EF1D82165392B009FE58A /* Store.swift in Sources */ = {isa = PBXBuildFile; fileRef = FC7EF1D72165392B009FE58A /* Store.swift */; };
		FC7EF1DA21656307009FE58A /* UIConstants.swift in Sources */ = {isa = PBXBuildFile; fileRef = FC7EF1D921656307009FE58A /* UIConstants.swift */; };
		FC7EF1DC21657210009FE58A /* String+Indexes.swift in Sources */ = {isa = PBXBuildFile; fileRef = FC7EF1DB21657210009FE58A /* String+Indexes.swift */; };
		FC86F5142166A3AC00F41CFF /* ScriptureParser.swift in Sources */ = {isa = PBXBuildFile; fileRef = FC86F5132166A3AC00F41CFF /* ScriptureParser.swift */; };
		FC8AEB882169740C00B4F6D7 /* Int+digits.swift in Sources */ = {isa = PBXBuildFile; fileRef = FC8AEB872169740C00B4F6D7 /* Int+digits.swift */; };
		FC8AEB8A2169742600B4F6D7 /* Array+prepend.swift in Sources */ = {isa = PBXBuildFile; fileRef = FC8AEB892169742600B4F6D7 /* Array+prepend.swift */; };
		FC98CA37217A4CED006C4EE8 /* privacy-policy.md in Resources */ = {isa = PBXBuildFile; fileRef = FC98CA36217A4CED006C4EE8 /* privacy-policy.md */; };
		FCBC1A5A216097880062CFD5 /* ScriptureService.swift in Sources */ = {isa = PBXBuildFile; fileRef = FCBC1A59216097880062CFD5 /* ScriptureService.swift */; };
		FCBC1A5C21613F460062CFD5 /* ScriptureResponse.swift in Sources */ = {isa = PBXBuildFile; fileRef = FCBC1A5B21613F460062CFD5 /* ScriptureResponse.swift */; };
		FCD7E94621717C7F00E4BF72 /* UIView+gradient.swift in Sources */ = {isa = PBXBuildFile; fileRef = FCD7E94521717C7F00E4BF72 /* UIView+gradient.swift */; };
		FCD7E94A2172643600E4BF72 /* CAAffineTransform+init.swift in Sources */ = {isa = PBXBuildFile; fileRef = FCD7E9492172643600E4BF72 /* CAAffineTransform+init.swift */; };
		FCD7E94C217266BD00E4BF72 /* UIView+addDropShadow.swift in Sources */ = {isa = PBXBuildFile; fileRef = FCD7E94B217266BD00E4BF72 /* UIView+addDropShadow.swift */; };
		FCDE127E216B45630060584F /* NSMutableParagraphStyle+init.swift in Sources */ = {isa = PBXBuildFile; fileRef = FCDE127D216B45630060584F /* NSMutableParagraphStyle+init.swift */; };
		FCDE1281216B49B70060584F /* SettingsViewController.swift in Sources */ = {isa = PBXBuildFile; fileRef = FCDE1280216B49B70060584F /* SettingsViewController.swift */; };
		FCDE1283216B49C40060584F /* Settings.storyboard in Resources */ = {isa = PBXBuildFile; fileRef = FCDE1282216B49C40060584F /* Settings.storyboard */; };
		FCDE1285216EFB680060584F /* UIPanGestureRecognizer+direction.swift in Sources */ = {isa = PBXBuildFile; fileRef = FCDE1284216EFB680060584F /* UIPanGestureRecognizer+direction.swift */; };
		FCEFDD3D215DE20C00C5FA7F /* DBR.swift in Sources */ = {isa = PBXBuildFile; fileRef = FCEFDD3C215DE20C00C5FA7F /* DBR.swift */; };
		FCEFDD3F215DE37C00C5FA7F /* Errors.swift in Sources */ = {isa = PBXBuildFile; fileRef = FCEFDD3E215DE37C00C5FA7F /* Errors.swift */; };
		FCEFDD41215DE44C00C5FA7F /* Encodable+dictionary.swift in Sources */ = {isa = PBXBuildFile; fileRef = FCEFDD40215DE44C00C5FA7F /* Encodable+dictionary.swift */; };
		FCEFDD44215DE4AA00C5FA7F /* Observable+Map.swift in Sources */ = {isa = PBXBuildFile; fileRef = FCEFDD43215DE4AA00C5FA7F /* Observable+Map.swift */; };
		FCEFDD46215DE4BE00C5FA7F /* Decodable+Init.swift in Sources */ = {isa = PBXBuildFile; fileRef = FCEFDD45215DE4BE00C5FA7F /* Decodable+Init.swift */; };
		FCEFED47216682EC003E4D92 /* UIColor+hex.swift in Sources */ = {isa = PBXBuildFile; fileRef = FCEFED46216682EC003E4D92 /* UIColor+hex.swift */; };
		FCEFED4C21669321003E4D92 /* Observable+setDoneLoading.swift in Sources */ = {isa = PBXBuildFile; fileRef = FCEFED4B21669321003E4D92 /* Observable+setDoneLoading.swift */; };
		FCF32B03216471B0004BDCBD /* UIViewController+initWithStoryboard.swift in Sources */ = {isa = PBXBuildFile; fileRef = FCF32B02216471B0004BDCBD /* UIViewController+initWithStoryboard.swift */; };
/* End PBXBuildFile section */

/* Begin PBXContainerItemProxy section */
		FC11DF74215DD5E9009E166B /* PBXContainerItemProxy */ = {
			isa = PBXContainerItemProxy;
			containerPortal = FC11DF57215DD5E7009E166B /* Project object */;
			proxyType = 1;
			remoteGlobalIDString = FC11DF5E215DD5E7009E166B;
			remoteInfo = dbr;
		};
/* End PBXContainerItemProxy section */

/* Begin PBXFileReference section */
		29BA5469DBE4F7BE4A968819 /* Pods-dbr.release.xcconfig */ = {isa = PBXFileReference; includeInIndex = 1; lastKnownFileType = text.xcconfig; name = "Pods-dbr.release.xcconfig"; path = "Pods/Target Support Files/Pods-dbr/Pods-dbr.release.xcconfig"; sourceTree = "<group>"; };
		E71D7B1212206BDD362792F9 /* Pods_dbr.framework */ = {isa = PBXFileReference; explicitFileType = wrapper.framework; includeInIndex = 0; path = Pods_dbr.framework; sourceTree = BUILT_PRODUCTS_DIR; };
		ED9AE00156156E57BD627D0B /* Pods-dbr.debug.xcconfig */ = {isa = PBXFileReference; includeInIndex = 1; lastKnownFileType = text.xcconfig; name = "Pods-dbr.debug.xcconfig"; path = "Pods/Target Support Files/Pods-dbr/Pods-dbr.debug.xcconfig"; sourceTree = "<group>"; };
		FC0E5DFC21790D4F001C20C6 /* UIViewController+drag.swift */ = {isa = PBXFileReference; lastKnownFileType = sourcecode.swift; path = "UIViewController+drag.swift"; sourceTree = "<group>"; };
		FC0E5DFE2179175B001C20C6 /* UIView+corners.swift */ = {isa = PBXFileReference; lastKnownFileType = sourcecode.swift; path = "UIView+corners.swift"; sourceTree = "<group>"; };
		FC0E5E0021792A53001C20C6 /* Main.storyboard */ = {isa = PBXFileReference; lastKnownFileType = file.storyboard; path = Main.storyboard; sourceTree = "<group>"; };
		FC0E5E02217934E1001C20C6 /* DateMenuBarResponder.swift */ = {isa = PBXFileReference; lastKnownFileType = sourcecode.swift; path = DateMenuBarResponder.swift; sourceTree = "<group>"; };
		FC0E5E04217934F0001C20C6 /* ScriptureMenuBarResponder.swift */ = {isa = PBXFileReference; lastKnownFileType = sourcecode.swift; path = ScriptureMenuBarResponder.swift; sourceTree = "<group>"; };
		FC11DF5F215DD5E7009E166B /* dbr.app */ = {isa = PBXFileReference; explicitFileType = wrapper.application; includeInIndex = 0; path = dbr.app; sourceTree = BUILT_PRODUCTS_DIR; };
		FC11DF62215DD5E7009E166B /* AppDelegate.swift */ = {isa = PBXFileReference; lastKnownFileType = sourcecode.swift; path = AppDelegate.swift; sourceTree = "<group>"; };
		FC11DF64215DD5E8009E166B /* DailyBibleReadingViewController.swift */ = {isa = PBXFileReference; lastKnownFileType = sourcecode.swift; path = DailyBibleReadingViewController.swift; sourceTree = "<group>"; };
		FC11DF69215DD5E9009E166B /* Assets.xcassets */ = {isa = PBXFileReference; lastKnownFileType = folder.assetcatalog; path = Assets.xcassets; sourceTree = "<group>"; };
		FC11DF6C215DD5E9009E166B /* Base */ = {isa = PBXFileReference; lastKnownFileType = file.storyboard; name = Base; path = Base.lproj/LaunchScreen.storyboard; sourceTree = "<group>"; };
		FC11DF6E215DD5E9009E166B /* Info.plist */ = {isa = PBXFileReference; lastKnownFileType = text.plist.xml; path = Info.plist; sourceTree = "<group>"; };
		FC11DF73215DD5E9009E166B /* dbrTests.xctest */ = {isa = PBXFileReference; explicitFileType = wrapper.cfbundle; includeInIndex = 0; path = dbrTests.xctest; sourceTree = BUILT_PRODUCTS_DIR; };
		FC11DF77215DD5E9009E166B /* CacheTests.swift */ = {isa = PBXFileReference; lastKnownFileType = sourcecode.swift; path = CacheTests.swift; sourceTree = "<group>"; };
		FC11DF79215DD5E9009E166B /* Info.plist */ = {isa = PBXFileReference; lastKnownFileType = text.plist.xml; path = Info.plist; sourceTree = "<group>"; };
		FC11DF83215DD92C009E166B /* README.md */ = {isa = PBXFileReference; fileEncoding = 4; lastKnownFileType = net.daringfireball.markdown; path = README.md; sourceTree = "<group>"; };
		FC11DF87215DD998009E166B /* HttpService.swift */ = {isa = PBXFileReference; lastKnownFileType = sourcecode.swift; path = HttpService.swift; sourceTree = "<group>"; };
		FC11DF89215DD9A1009E166B /* CompassService.swift */ = {isa = PBXFileReference; lastKnownFileType = sourcecode.swift; path = CompassService.swift; sourceTree = "<group>"; };
		FC25B1FC2161D6F000046A63 /* UILabel+lineSpacing.swift */ = {isa = PBXFileReference; lastKnownFileType = sourcecode.swift; path = "UILabel+lineSpacing.swift"; sourceTree = "<group>"; };
		FC25B1FF2161F14800046A63 /* HeadlandOne-Regular.ttf */ = {isa = PBXFileReference; lastKnownFileType = file; path = "HeadlandOne-Regular.ttf"; sourceTree = "<group>"; };
		FC25B2002161F14800046A63 /* OpenSans-Regular.ttf */ = {isa = PBXFileReference; lastKnownFileType = file; path = "OpenSans-Regular.ttf"; sourceTree = "<group>"; };
		FC25B2032162801600046A63 /* UILabel+optimalHeight.swift */ = {isa = PBXFileReference; lastKnownFileType = sourcecode.swift; path = "UILabel+optimalHeight.swift"; sourceTree = "<group>"; };
		FC32EF5E2162CFB000D4DC6E /* Scripture.storyboard */ = {isa = PBXFileReference; lastKnownFileType = file.storyboard; path = Scripture.storyboard; sourceTree = "<group>"; };
		FC5EF81921640A7F00F00ABA /* MenuBarViewController.swift */ = {isa = PBXFileReference; lastKnownFileType = sourcecode.swift; path = MenuBarViewController.swift; sourceTree = "<group>"; };
		FC5EF81B21640F7200F00ABA /* MainViewController.swift */ = {isa = PBXFileReference; lastKnownFileType = sourcecode.swift; path = MainViewController.swift; sourceTree = "<group>"; };
		FC5EF81D21640FD700F00ABA /* DailyBibleReading.storyboard */ = {isa = PBXFileReference; lastKnownFileType = file.storyboard; path = DailyBibleReading.storyboard; sourceTree = "<group>"; };
		FC5EF81F216413AF00F00ABA /* MenuBar.storyboard */ = {isa = PBXFileReference; lastKnownFileType = file.storyboard; path = MenuBar.storyboard; sourceTree = "<group>"; };
		FC61BA0C216AC278004B0060 /* Date+equality.swift */ = {isa = PBXFileReference; lastKnownFileType = sourcecode.swift; path = "Date+equality.swift"; sourceTree = "<group>"; };
		FC6E81BB2162C38F00522C5F /* ScriptureViewController.swift */ = {isa = PBXFileReference; lastKnownFileType = sourcecode.swift; path = ScriptureViewController.swift; sourceTree = "<group>"; };
		FC7B1E4A2166F583003FEB09 /* OpenSans-SemiBold.ttf */ = {isa = PBXFileReference; lastKnownFileType = file; name = "OpenSans-SemiBold.ttf"; path = "../../../../../Downloads/fonts/Open_Sans/OpenSans-SemiBold.ttf"; sourceTree = "<group>"; };
		FC7B1E4C21672EE3003FEB09 /* OpenSans-Bold.ttf */ = {isa = PBXFileReference; lastKnownFileType = file; name = "OpenSans-Bold.ttf"; path = "../../../../../Downloads/fonts/Open_Sans/OpenSans-Bold.ttf"; sourceTree = "<group>"; };
		FC7EF1CF2164D03C009FE58A /* CacheService.swift */ = {isa = PBXFileReference; lastKnownFileType = sourcecode.swift; path = CacheService.swift; sourceTree = "<group>"; };
		FC7EF1D12164E169009FE58A /* Observable+cache.swift */ = {isa = PBXFileReference; lastKnownFileType = sourcecode.swift; path = "Observable+cache.swift"; sourceTree = "<group>"; };
		FC7EF1D32164EA0B009FE58A /* Date+format.swift */ = {isa = PBXFileReference; lastKnownFileType = sourcecode.swift; path = "Date+format.swift"; sourceTree = "<group>"; };
		FC7EF1D72165392B009FE58A /* Store.swift */ = {isa = PBXFileReference; lastKnownFileType = sourcecode.swift; path = Store.swift; sourceTree = "<group>"; };
		FC7EF1D921656307009FE58A /* UIConstants.swift */ = {isa = PBXFileReference; lastKnownFileType = sourcecode.swift; path = UIConstants.swift; sourceTree = "<group>"; };
		FC7EF1DB21657210009FE58A /* String+Indexes.swift */ = {isa = PBXFileReference; lastKnownFileType = sourcecode.swift; path = "String+Indexes.swift"; sourceTree = "<group>"; };
		FC86F5132166A3AC00F41CFF /* ScriptureParser.swift */ = {isa = PBXFileReference; lastKnownFileType = sourcecode.swift; path = ScriptureParser.swift; sourceTree = "<group>"; };
		FC8AEB872169740C00B4F6D7 /* Int+digits.swift */ = {isa = PBXFileReference; lastKnownFileType = sourcecode.swift; path = "Int+digits.swift"; sourceTree = "<group>"; };
		FC8AEB892169742600B4F6D7 /* Array+prepend.swift */ = {isa = PBXFileReference; lastKnownFileType = sourcecode.swift; path = "Array+prepend.swift"; sourceTree = "<group>"; };
		FC98CA36217A4CED006C4EE8 /* privacy-policy.md */ = {isa = PBXFileReference; fileEncoding = 4; lastKnownFileType = net.daringfireball.markdown; path = "privacy-policy.md"; sourceTree = "<group>"; };
		FCBC1A59216097880062CFD5 /* ScriptureService.swift */ = {isa = PBXFileReference; lastKnownFileType = sourcecode.swift; path = ScriptureService.swift; sourceTree = "<group>"; };
		FCBC1A5B21613F460062CFD5 /* ScriptureResponse.swift */ = {isa = PBXFileReference; lastKnownFileType = sourcecode.swift; path = ScriptureResponse.swift; sourceTree = "<group>"; };
		FCD7E94521717C7F00E4BF72 /* UIView+gradient.swift */ = {isa = PBXFileReference; lastKnownFileType = sourcecode.swift; path = "UIView+gradient.swift"; sourceTree = "<group>"; };
		FCD7E9492172643600E4BF72 /* CAAffineTransform+init.swift */ = {isa = PBXFileReference; lastKnownFileType = sourcecode.swift; path = "CAAffineTransform+init.swift"; sourceTree = "<group>"; };
		FCD7E94B217266BD00E4BF72 /* UIView+addDropShadow.swift */ = {isa = PBXFileReference; lastKnownFileType = sourcecode.swift; path = "UIView+addDropShadow.swift"; sourceTree = "<group>"; };
		FCDE127D216B45630060584F /* NSMutableParagraphStyle+init.swift */ = {isa = PBXFileReference; lastKnownFileType = sourcecode.swift; path = "NSMutableParagraphStyle+init.swift"; sourceTree = "<group>"; };
		FCDE1280216B49B70060584F /* SettingsViewController.swift */ = {isa = PBXFileReference; lastKnownFileType = sourcecode.swift; path = SettingsViewController.swift; sourceTree = "<group>"; };
		FCDE1282216B49C40060584F /* Settings.storyboard */ = {isa = PBXFileReference; lastKnownFileType = file.storyboard; path = Settings.storyboard; sourceTree = "<group>"; };
		FCDE1284216EFB680060584F /* UIPanGestureRecognizer+direction.swift */ = {isa = PBXFileReference; lastKnownFileType = sourcecode.swift; path = "UIPanGestureRecognizer+direction.swift"; sourceTree = "<group>"; };
		FCEFDD3C215DE20C00C5FA7F /* DBR.swift */ = {isa = PBXFileReference; lastKnownFileType = sourcecode.swift; path = DBR.swift; sourceTree = "<group>"; };
		FCEFDD3E215DE37C00C5FA7F /* Errors.swift */ = {isa = PBXFileReference; lastKnownFileType = sourcecode.swift; path = Errors.swift; sourceTree = "<group>"; };
		FCEFDD40215DE44C00C5FA7F /* Encodable+dictionary.swift */ = {isa = PBXFileReference; lastKnownFileType = sourcecode.swift; path = "Encodable+dictionary.swift"; sourceTree = "<group>"; };
		FCEFDD43215DE4AA00C5FA7F /* Observable+Map.swift */ = {isa = PBXFileReference; lastKnownFileType = sourcecode.swift; path = "Observable+Map.swift"; sourceTree = "<group>"; };
		FCEFDD45215DE4BE00C5FA7F /* Decodable+Init.swift */ = {isa = PBXFileReference; lastKnownFileType = sourcecode.swift; path = "Decodable+Init.swift"; sourceTree = "<group>"; };
		FCEFED46216682EC003E4D92 /* UIColor+hex.swift */ = {isa = PBXFileReference; lastKnownFileType = sourcecode.swift; path = "UIColor+hex.swift"; sourceTree = "<group>"; };
		FCEFED4B21669321003E4D92 /* Observable+setDoneLoading.swift */ = {isa = PBXFileReference; lastKnownFileType = sourcecode.swift; path = "Observable+setDoneLoading.swift"; sourceTree = "<group>"; };
		FCF32B02216471B0004BDCBD /* UIViewController+initWithStoryboard.swift */ = {isa = PBXFileReference; lastKnownFileType = sourcecode.swift; path = "UIViewController+initWithStoryboard.swift"; sourceTree = "<group>"; };
/* End PBXFileReference section */

/* Begin PBXFrameworksBuildPhase section */
		FC11DF5C215DD5E7009E166B /* Frameworks */ = {
			isa = PBXFrameworksBuildPhase;
			buildActionMask = 2147483647;
			files = (
				D60C72877B2215C2C9573EB7 /* Pods_dbr.framework in Frameworks */,
			);
			runOnlyForDeploymentPostprocessing = 0;
		};
		FC11DF70215DD5E9009E166B /* Frameworks */ = {
			isa = PBXFrameworksBuildPhase;
			buildActionMask = 2147483647;
			files = (
			);
			runOnlyForDeploymentPostprocessing = 0;
		};
/* End PBXFrameworksBuildPhase section */

/* Begin PBXGroup section */
		03B0754494D73A4BEDCB9A6D /* Pods */ = {
			isa = PBXGroup;
			children = (
				ED9AE00156156E57BD627D0B /* Pods-dbr.debug.xcconfig */,
				29BA5469DBE4F7BE4A968819 /* Pods-dbr.release.xcconfig */,
			);
			name = Pods;
			sourceTree = "<group>";
		};
		50512AF23218991803A24321 /* Frameworks */ = {
			isa = PBXGroup;
			children = (
				E71D7B1212206BDD362792F9 /* Pods_dbr.framework */,
			);
			name = Frameworks;
			sourceTree = "<group>";
		};
		FC11DF56215DD5E7009E166B = {
			isa = PBXGroup;
			children = (
				FC98CA36217A4CED006C4EE8 /* privacy-policy.md */,
				FC11DF83215DD92C009E166B /* README.md */,
				FC11DF61215DD5E7009E166B /* dbr */,
				FC11DF76215DD5E9009E166B /* dbrTests */,
				FC11DF60215DD5E7009E166B /* Products */,
				03B0754494D73A4BEDCB9A6D /* Pods */,
				50512AF23218991803A24321 /* Frameworks */,
			);
			sourceTree = "<group>";
		};
		FC11DF60215DD5E7009E166B /* Products */ = {
			isa = PBXGroup;
			children = (
				FC11DF5F215DD5E7009E166B /* dbr.app */,
				FC11DF73215DD5E9009E166B /* dbrTests.xctest */,
			);
			name = Products;
			sourceTree = "<group>";
		};
		FC11DF61215DD5E7009E166B /* dbr */ = {
			isa = PBXGroup;
			children = (
				FC86F5122166A38B00F41CFF /* Utilities */,
				FCF32AFE2164703A004BDCBD /* Controllers */,
				FC25B1FE2161F10100046A63 /* Fonts */,
				FCEFDD42215DE48200C5FA7F /* Extensions */,
				FCEFDD3B215DE20300C5FA7F /* Model */,
				FC11DF86215DD98A009E166B /* Services */,
				FCEFDD3E215DE37C00C5FA7F /* Errors.swift */,
				FC7EF1D921656307009FE58A /* UIConstants.swift */,
				FC7EF1D72165392B009FE58A /* Store.swift */,
				FC11DF62215DD5E7009E166B /* AppDelegate.swift */,
				FC11DF6B215DD5E9009E166B /* LaunchScreen.storyboard */,
				FC11DF69215DD5E9009E166B /* Assets.xcassets */,
				FC11DF6E215DD5E9009E166B /* Info.plist */,
			);
			path = dbr;
			sourceTree = "<group>";
		};
		FC11DF76215DD5E9009E166B /* dbrTests */ = {
			isa = PBXGroup;
			children = (
				FC11DF77215DD5E9009E166B /* CacheTests.swift */,
				FC11DF79215DD5E9009E166B /* Info.plist */,
			);
			path = dbrTests;
			sourceTree = "<group>";
		};
		FC11DF86215DD98A009E166B /* Services */ = {
			isa = PBXGroup;
			children = (
				FC11DF87215DD998009E166B /* HttpService.swift */,
				FC11DF89215DD9A1009E166B /* CompassService.swift */,
				FCBC1A59216097880062CFD5 /* ScriptureService.swift */,
				FC7EF1CF2164D03C009FE58A /* CacheService.swift */,
			);
			path = Services;
			sourceTree = "<group>";
		};
		FC25B1FE2161F10100046A63 /* Fonts */ = {
			isa = PBXGroup;
			children = (
				FC25B1FF2161F14800046A63 /* HeadlandOne-Regular.ttf */,
				FC7B1E4A2166F583003FEB09 /* OpenSans-SemiBold.ttf */,
				FC25B2002161F14800046A63 /* OpenSans-Regular.ttf */,
				FC7B1E4C21672EE3003FEB09 /* OpenSans-Bold.ttf */,
			);
			path = Fonts;
			sourceTree = "<group>";
		};
		FC86F5122166A38B00F41CFF /* Utilities */ = {
			isa = PBXGroup;
			children = (
				FC86F5132166A3AC00F41CFF /* ScriptureParser.swift */,
			);
			path = Utilities;
			sourceTree = "<group>";
		};
		FCD7E94D21726CF700E4BF72 /* UIKit */ = {
			isa = PBXGroup;
			children = (
				FC25B1FC2161D6F000046A63 /* UILabel+lineSpacing.swift */,
				FC25B2032162801600046A63 /* UILabel+optimalHeight.swift */,
				FCF32B02216471B0004BDCBD /* UIViewController+initWithStoryboard.swift */,
				FCEFED46216682EC003E4D92 /* UIColor+hex.swift */,
				FCDE1284216EFB680060584F /* UIPanGestureRecognizer+direction.swift */,
				FCD7E94B217266BD00E4BF72 /* UIView+addDropShadow.swift */,
				FCD7E94521717C7F00E4BF72 /* UIView+gradient.swift */,
				FCD7E9492172643600E4BF72 /* CAAffineTransform+init.swift */,
				FCDE127D216B45630060584F /* NSMutableParagraphStyle+init.swift */,
				FC0E5DFC21790D4F001C20C6 /* UIViewController+drag.swift */,
				FC0E5DFE2179175B001C20C6 /* UIView+corners.swift */,
			);
			name = UIKit;
			sourceTree = "<group>";
		};
		FCD7E94E21726D1700E4BF72 /* Rx */ = {
			isa = PBXGroup;
			children = (
				FCEFED4B21669321003E4D92 /* Observable+setDoneLoading.swift */,
				FCEFDD43215DE4AA00C5FA7F /* Observable+Map.swift */,
				FC7EF1D12164E169009FE58A /* Observable+cache.swift */,
			);
			name = Rx;
			sourceTree = "<group>";
		};
		FCDE127F216B49A40060584F /* Settings */ = {
			isa = PBXGroup;
			children = (
				FCDE1280216B49B70060584F /* SettingsViewController.swift */,
				FCDE1282216B49C40060584F /* Settings.storyboard */,
			);
			path = Settings;
			sourceTree = "<group>";
		};
		FCEFDD3B215DE20300C5FA7F /* Model */ = {
			isa = PBXGroup;
			children = (
				FCEFDD3C215DE20C00C5FA7F /* DBR.swift */,
				FCBC1A5B21613F460062CFD5 /* ScriptureResponse.swift */,
			);
			path = Model;
			sourceTree = "<group>";
		};
		FCEFDD42215DE48200C5FA7F /* Extensions */ = {
			isa = PBXGroup;
			children = (
				FCD7E94E21726D1700E4BF72 /* Rx */,
				FCD7E94D21726CF700E4BF72 /* UIKit */,
				FCEFDD40215DE44C00C5FA7F /* Encodable+dictionary.swift */,
				FCEFDD45215DE4BE00C5FA7F /* Decodable+Init.swift */,
				FC7EF1D32164EA0B009FE58A /* Date+format.swift */,
				FC7EF1DB21657210009FE58A /* String+Indexes.swift */,
				FC8AEB872169740C00B4F6D7 /* Int+digits.swift */,
				FC8AEB892169742600B4F6D7 /* Array+prepend.swift */,
				FC61BA0C216AC278004B0060 /* Date+equality.swift */,
			);
			path = Extensions;
			sourceTree = "<group>";
		};
		FCF32AFB21647010004BDCBD /* DailyBibleReading */ = {
			isa = PBXGroup;
			children = (
				FC11DF64215DD5E8009E166B /* DailyBibleReadingViewController.swift */,
				FC5EF81D21640FD700F00ABA /* DailyBibleReading.storyboard */,
			);
			path = DailyBibleReading;
			sourceTree = "<group>";
		};
		FCF32AFC21647028004BDCBD /* Scripture */ = {
			isa = PBXGroup;
			children = (
				FC6E81BB2162C38F00522C5F /* ScriptureViewController.swift */,
				FC32EF5E2162CFB000D4DC6E /* Scripture.storyboard */,
			);
			path = Scripture;
			sourceTree = "<group>";
		};
		FCF32AFD21647033004BDCBD /* Main */ = {
			isa = PBXGroup;
			children = (
				FC5EF81B21640F7200F00ABA /* MainViewController.swift */,
				FC0E5E0021792A53001C20C6 /* Main.storyboard */,
			);
			path = Main;
			sourceTree = "<group>";
		};
		FCF32AFE2164703A004BDCBD /* Controllers */ = {
			isa = PBXGroup;
			children = (
				FCDE127F216B49A40060584F /* Settings */,
				FCF32AFD21647033004BDCBD /* Main */,
				FCF32AFF2164708A004BDCBD /* MenuBar */,
				FCF32AFC21647028004BDCBD /* Scripture */,
				FCF32AFB21647010004BDCBD /* DailyBibleReading */,
			);
			path = Controllers;
			sourceTree = "<group>";
		};
		FCF32AFF2164708A004BDCBD /* MenuBar */ = {
			isa = PBXGroup;
			children = (
				FC5EF81921640A7F00F00ABA /* MenuBarViewController.swift */,
				FC0E5E02217934E1001C20C6 /* DateMenuBarResponder.swift */,
				FC0E5E04217934F0001C20C6 /* ScriptureMenuBarResponder.swift */,
				FC5EF81F216413AF00F00ABA /* MenuBar.storyboard */,
			);
			path = MenuBar;
			sourceTree = "<group>";
		};
/* End PBXGroup section */

/* Begin PBXNativeTarget section */
		FC11DF5E215DD5E7009E166B /* dbr */ = {
			isa = PBXNativeTarget;
			buildConfigurationList = FC11DF7C215DD5E9009E166B /* Build configuration list for PBXNativeTarget "dbr" */;
			buildPhases = (
				DEB2517E122D3099F259C9AE /* [CP] Check Pods Manifest.lock */,
				FC11DF5B215DD5E7009E166B /* Sources */,
				FC11DF5C215DD5E7009E166B /* Frameworks */,
				FC11DF5D215DD5E7009E166B /* Resources */,
				D2EA47F08E4B3498DF6BC5FA /* [CP] Embed Pods Frameworks */,
			);
			buildRules = (
			);
			dependencies = (
			);
			name = dbr;
			productName = dbr;
			productReference = FC11DF5F215DD5E7009E166B /* dbr.app */;
			productType = "com.apple.product-type.application";
		};
		FC11DF72215DD5E9009E166B /* dbrTests */ = {
			isa = PBXNativeTarget;
			buildConfigurationList = FC11DF7F215DD5E9009E166B /* Build configuration list for PBXNativeTarget "dbrTests" */;
			buildPhases = (
				FC11DF6F215DD5E9009E166B /* Sources */,
				FC11DF70215DD5E9009E166B /* Frameworks */,
				FC11DF71215DD5E9009E166B /* Resources */,
			);
			buildRules = (
			);
			dependencies = (
				FC11DF75215DD5E9009E166B /* PBXTargetDependency */,
			);
			name = dbrTests;
			productName = dbrTests;
			productReference = FC11DF73215DD5E9009E166B /* dbrTests.xctest */;
			productType = "com.apple.product-type.bundle.unit-test";
		};
/* End PBXNativeTarget section */

/* Begin PBXProject section */
		FC11DF57215DD5E7009E166B /* Project object */ = {
			isa = PBXProject;
			attributes = {
				LastSwiftUpdateCheck = 0940;
				LastUpgradeCheck = 0940;
				ORGANIZATIONNAME = Kirk;
				TargetAttributes = {
					FC11DF5E215DD5E7009E166B = {
						CreatedOnToolsVersion = 9.4.1;
					};
					FC11DF72215DD5E9009E166B = {
						CreatedOnToolsVersion = 9.4.1;
						TestTargetID = FC11DF5E215DD5E7009E166B;
					};
				};
			};
			buildConfigurationList = FC11DF5A215DD5E7009E166B /* Build configuration list for PBXProject "dbr" */;
			compatibilityVersion = "Xcode 9.3";
			developmentRegion = en;
			hasScannedForEncodings = 0;
			knownRegions = (
				en,
				Base,
			);
			mainGroup = FC11DF56215DD5E7009E166B;
			productRefGroup = FC11DF60215DD5E7009E166B /* Products */;
			projectDirPath = "";
			projectRoot = "";
			targets = (
				FC11DF5E215DD5E7009E166B /* dbr */,
				FC11DF72215DD5E9009E166B /* dbrTests */,
			);
		};
/* End PBXProject section */

/* Begin PBXResourcesBuildPhase section */
		FC11DF5D215DD5E7009E166B /* Resources */ = {
			isa = PBXResourcesBuildPhase;
			buildActionMask = 2147483647;
			files = (
				FC7B1E4D21672EE3003FEB09 /* OpenSans-Bold.ttf in Resources */,
				FC11DF6D215DD5E9009E166B /* LaunchScreen.storyboard in Resources */,
				FC11DF6A215DD5E9009E166B /* Assets.xcassets in Resources */,
				FC0E5E0121792A53001C20C6 /* Main.storyboard in Resources */,
				FCDE1283216B49C40060584F /* Settings.storyboard in Resources */,
				FC7B1E4B2166F583003FEB09 /* OpenSans-SemiBold.ttf in Resources */,
				FC5EF820216413AF00F00ABA /* MenuBar.storyboard in Resources */,
				FC25B2012161F14800046A63 /* HeadlandOne-Regular.ttf in Resources */,
				FC5EF81E21640FD700F00ABA /* DailyBibleReading.storyboard in Resources */,
				FC32EF5F2162CFB000D4DC6E /* Scripture.storyboard in Resources */,
				FC98CA37217A4CED006C4EE8 /* privacy-policy.md in Resources */,
				FC11DF85215DD92C009E166B /* README.md in Resources */,
				FC25B2022161F14800046A63 /* OpenSans-Regular.ttf in Resources */,
			);
			runOnlyForDeploymentPostprocessing = 0;
		};
		FC11DF71215DD5E9009E166B /* Resources */ = {
			isa = PBXResourcesBuildPhase;
			buildActionMask = 2147483647;
			files = (
			);
			runOnlyForDeploymentPostprocessing = 0;
		};
/* End PBXResourcesBuildPhase section */

/* Begin PBXShellScriptBuildPhase section */
		D2EA47F08E4B3498DF6BC5FA /* [CP] Embed Pods Frameworks */ = {
			isa = PBXShellScriptBuildPhase;
			buildActionMask = 2147483647;
			files = (
			);
			inputPaths = (
				"${SRCROOT}/Pods/Target Support Files/Pods-dbr/Pods-dbr-frameworks.sh",
				"${BUILT_PRODUCTS_DIR}/Alamofire/Alamofire.framework",
				"${BUILT_PRODUCTS_DIR}/DataCompression/DataCompression.framework",
				"${BUILT_PRODUCTS_DIR}/RxCocoa/RxCocoa.framework",
				"${BUILT_PRODUCTS_DIR}/RxGesture/RxGesture.framework",
				"${BUILT_PRODUCTS_DIR}/RxSwift/RxSwift.framework",
			);
			name = "[CP] Embed Pods Frameworks";
			outputPaths = (
				"${TARGET_BUILD_DIR}/${FRAMEWORKS_FOLDER_PATH}/Alamofire.framework",
				"${TARGET_BUILD_DIR}/${FRAMEWORKS_FOLDER_PATH}/DataCompression.framework",
				"${TARGET_BUILD_DIR}/${FRAMEWORKS_FOLDER_PATH}/RxCocoa.framework",
				"${TARGET_BUILD_DIR}/${FRAMEWORKS_FOLDER_PATH}/RxGesture.framework",
				"${TARGET_BUILD_DIR}/${FRAMEWORKS_FOLDER_PATH}/RxSwift.framework",
			);
			runOnlyForDeploymentPostprocessing = 0;
			shellPath = /bin/sh;
			shellScript = "\"${SRCROOT}/Pods/Target Support Files/Pods-dbr/Pods-dbr-frameworks.sh\"\n";
			showEnvVarsInLog = 0;
		};
		DEB2517E122D3099F259C9AE /* [CP] Check Pods Manifest.lock */ = {
			isa = PBXShellScriptBuildPhase;
			buildActionMask = 2147483647;
			files = (
			);
			inputPaths = (
				"${PODS_PODFILE_DIR_PATH}/Podfile.lock",
				"${PODS_ROOT}/Manifest.lock",
			);
			name = "[CP] Check Pods Manifest.lock";
			outputPaths = (
				"$(DERIVED_FILE_DIR)/Pods-dbr-checkManifestLockResult.txt",
			);
			runOnlyForDeploymentPostprocessing = 0;
			shellPath = /bin/sh;
			shellScript = "diff \"${PODS_PODFILE_DIR_PATH}/Podfile.lock\" \"${PODS_ROOT}/Manifest.lock\" > /dev/null\nif [ $? != 0 ] ; then\n    # print error to STDERR\n    echo \"error: The sandbox is not in sync with the Podfile.lock. Run 'pod install' or update your CocoaPods installation.\" >&2\n    exit 1\nfi\n# This output is used by Xcode 'outputs' to avoid re-running this script phase.\necho \"SUCCESS\" > \"${SCRIPT_OUTPUT_FILE_0}\"\n";
			showEnvVarsInLog = 0;
		};
/* End PBXShellScriptBuildPhase section */

/* Begin PBXSourcesBuildPhase section */
		FC11DF5B215DD5E7009E166B /* Sources */ = {
			isa = PBXSourcesBuildPhase;
			buildActionMask = 2147483647;
			files = (
				FC7EF1D82165392B009FE58A /* Store.swift in Sources */,
				FCD7E94A2172643600E4BF72 /* CAAffineTransform+init.swift in Sources */,
				FC7EF1DA21656307009FE58A /* UIConstants.swift in Sources */,
				FC11DF65215DD5E8009E166B /* DailyBibleReadingViewController.swift in Sources */,
				FC0E5DFD21790D4F001C20C6 /* UIViewController+drag.swift in Sources */,
				FCEFED4C21669321003E4D92 /* Observable+setDoneLoading.swift in Sources */,
				FC0E5DFF2179175B001C20C6 /* UIView+corners.swift in Sources */,
				FC25B2042162801600046A63 /* UILabel+optimalHeight.swift in Sources */,
				FCD7E94C217266BD00E4BF72 /* UIView+addDropShadow.swift in Sources */,
				FC11DF63215DD5E7009E166B /* AppDelegate.swift in Sources */,
				FC7EF1D22164E169009FE58A /* Observable+cache.swift in Sources */,
				FCF32B03216471B0004BDCBD /* UIViewController+initWithStoryboard.swift in Sources */,
				FCEFDD46215DE4BE00C5FA7F /* Decodable+Init.swift in Sources */,
				FC11DF8A215DD9A1009E166B /* CompassService.swift in Sources */,
				FC8AEB8A2169742600B4F6D7 /* Array+prepend.swift in Sources */,
				FCDE1285216EFB680060584F /* UIPanGestureRecognizer+direction.swift in Sources */,
				FCEFED47216682EC003E4D92 /* UIColor+hex.swift in Sources */,
				FC11DF88215DD998009E166B /* HttpService.swift in Sources */,
				FC6E81BC2162C38F00522C5F /* ScriptureViewController.swift in Sources */,
				FC7EF1D42164EA0B009FE58A /* Date+format.swift in Sources */,
				FCEFDD3F215DE37C00C5FA7F /* Errors.swift in Sources */,
				FC7EF1DC21657210009FE58A /* String+Indexes.swift in Sources */,
				FC5EF81A21640A7F00F00ABA /* MenuBarViewController.swift in Sources */,
				FCBC1A5A216097880062CFD5 /* ScriptureService.swift in Sources */,
				FCD7E94621717C7F00E4BF72 /* UIView+gradient.swift in Sources */,
				FC8AEB882169740C00B4F6D7 /* Int+digits.swift in Sources */,
				FCDE1281216B49B70060584F /* SettingsViewController.swift in Sources */,
				FC25B1FD2161D6F000046A63 /* UILabel+lineSpacing.swift in Sources */,
				FCBC1A5C21613F460062CFD5 /* ScriptureResponse.swift in Sources */,
				FC86F5142166A3AC00F41CFF /* ScriptureParser.swift in Sources */,
				FC61BA0D216AC278004B0060 /* Date+equality.swift in Sources */,
				FCEFDD44215DE4AA00C5FA7F /* Observable+Map.swift in Sources */,
				FC7EF1D02164D03C009FE58A /* CacheService.swift in Sources */,
				FC0E5E03217934E1001C20C6 /* DateMenuBarResponder.swift in Sources */,
				FCDE127E216B45630060584F /* NSMutableParagraphStyle+init.swift in Sources */,
				FCEFDD3D215DE20C00C5FA7F /* DBR.swift in Sources */,
				FC5EF81C21640F7200F00ABA /* MainViewController.swift in Sources */,
				FCEFDD41215DE44C00C5FA7F /* Encodable+dictionary.swift in Sources */,
				FC0E5E05217934F0001C20C6 /* ScriptureMenuBarResponder.swift in Sources */,
			);
			runOnlyForDeploymentPostprocessing = 0;
		};
		FC11DF6F215DD5E9009E166B /* Sources */ = {
			isa = PBXSourcesBuildPhase;
			buildActionMask = 2147483647;
			files = (
				FC11DF78215DD5E9009E166B /* CacheTests.swift in Sources */,
			);
			runOnlyForDeploymentPostprocessing = 0;
		};
/* End PBXSourcesBuildPhase section */

/* Begin PBXTargetDependency section */
		FC11DF75215DD5E9009E166B /* PBXTargetDependency */ = {
			isa = PBXTargetDependency;
			target = FC11DF5E215DD5E7009E166B /* dbr */;
			targetProxy = FC11DF74215DD5E9009E166B /* PBXContainerItemProxy */;
		};
/* End PBXTargetDependency section */

/* Begin PBXVariantGroup section */
		FC11DF6B215DD5E9009E166B /* LaunchScreen.storyboard */ = {
			isa = PBXVariantGroup;
			children = (
				FC11DF6C215DD5E9009E166B /* Base */,
			);
			name = LaunchScreen.storyboard;
			sourceTree = "<group>";
		};
/* End PBXVariantGroup section */

/* Begin XCBuildConfiguration section */
		FC11DF7A215DD5E9009E166B /* Debug */ = {
			isa = XCBuildConfiguration;
			buildSettings = {
				ALWAYS_SEARCH_USER_PATHS = NO;
				CLANG_ANALYZER_NONNULL = YES;
				CLANG_ANALYZER_NUMBER_OBJECT_CONVERSION = YES_AGGRESSIVE;
				CLANG_CXX_LANGUAGE_STANDARD = "gnu++14";
				CLANG_CXX_LIBRARY = "libc++";
				CLANG_ENABLE_MODULES = YES;
				CLANG_ENABLE_OBJC_ARC = YES;
				CLANG_ENABLE_OBJC_WEAK = YES;
				CLANG_WARN_BLOCK_CAPTURE_AUTORELEASING = YES;
				CLANG_WARN_BOOL_CONVERSION = YES;
				CLANG_WARN_COMMA = YES;
				CLANG_WARN_CONSTANT_CONVERSION = YES;
				CLANG_WARN_DEPRECATED_OBJC_IMPLEMENTATIONS = YES;
				CLANG_WARN_DIRECT_OBJC_ISA_USAGE = YES_ERROR;
				CLANG_WARN_DOCUMENTATION_COMMENTS = YES;
				CLANG_WARN_EMPTY_BODY = YES;
				CLANG_WARN_ENUM_CONVERSION = YES;
				CLANG_WARN_INFINITE_RECURSION = YES;
				CLANG_WARN_INT_CONVERSION = YES;
				CLANG_WARN_NON_LITERAL_NULL_CONVERSION = YES;
				CLANG_WARN_OBJC_IMPLICIT_RETAIN_SELF = YES;
				CLANG_WARN_OBJC_LITERAL_CONVERSION = YES;
				CLANG_WARN_OBJC_ROOT_CLASS = YES_ERROR;
				CLANG_WARN_RANGE_LOOP_ANALYSIS = YES;
				CLANG_WARN_STRICT_PROTOTYPES = YES;
				CLANG_WARN_SUSPICIOUS_MOVE = YES;
				CLANG_WARN_UNGUARDED_AVAILABILITY = YES_AGGRESSIVE;
				CLANG_WARN_UNREACHABLE_CODE = YES;
				CLANG_WARN__DUPLICATE_METHOD_MATCH = YES;
				CODE_SIGN_IDENTITY = "iPhone Developer";
				COPY_PHASE_STRIP = NO;
				DEBUG_INFORMATION_FORMAT = dwarf;
				ENABLE_STRICT_OBJC_MSGSEND = YES;
				ENABLE_TESTABILITY = YES;
				GCC_C_LANGUAGE_STANDARD = gnu11;
				GCC_DYNAMIC_NO_PIC = NO;
				GCC_NO_COMMON_BLOCKS = YES;
				GCC_OPTIMIZATION_LEVEL = 0;
				GCC_PREPROCESSOR_DEFINITIONS = (
					"DEBUG=1",
					"$(inherited)",
				);
				GCC_WARN_64_TO_32_BIT_CONVERSION = YES;
				GCC_WARN_ABOUT_RETURN_TYPE = YES_ERROR;
				GCC_WARN_UNDECLARED_SELECTOR = YES;
				GCC_WARN_UNINITIALIZED_AUTOS = YES_AGGRESSIVE;
				GCC_WARN_UNUSED_FUNCTION = YES;
				GCC_WARN_UNUSED_VARIABLE = YES;
				IPHONEOS_DEPLOYMENT_TARGET = 11.4;
				MTL_ENABLE_DEBUG_INFO = YES;
				ONLY_ACTIVE_ARCH = YES;
				SDKROOT = iphoneos;
				SWIFT_ACTIVE_COMPILATION_CONDITIONS = DEBUG;
				SWIFT_OPTIMIZATION_LEVEL = "-Onone";
			};
			name = Debug;
		};
		FC11DF7B215DD5E9009E166B /* Release */ = {
			isa = XCBuildConfiguration;
			buildSettings = {
				ALWAYS_SEARCH_USER_PATHS = NO;
				CLANG_ANALYZER_NONNULL = YES;
				CLANG_ANALYZER_NUMBER_OBJECT_CONVERSION = YES_AGGRESSIVE;
				CLANG_CXX_LANGUAGE_STANDARD = "gnu++14";
				CLANG_CXX_LIBRARY = "libc++";
				CLANG_ENABLE_MODULES = YES;
				CLANG_ENABLE_OBJC_ARC = YES;
				CLANG_ENABLE_OBJC_WEAK = YES;
				CLANG_WARN_BLOCK_CAPTURE_AUTORELEASING = YES;
				CLANG_WARN_BOOL_CONVERSION = YES;
				CLANG_WARN_COMMA = YES;
				CLANG_WARN_CONSTANT_CONVERSION = YES;
				CLANG_WARN_DEPRECATED_OBJC_IMPLEMENTATIONS = YES;
				CLANG_WARN_DIRECT_OBJC_ISA_USAGE = YES_ERROR;
				CLANG_WARN_DOCUMENTATION_COMMENTS = YES;
				CLANG_WARN_EMPTY_BODY = YES;
				CLANG_WARN_ENUM_CONVERSION = YES;
				CLANG_WARN_INFINITE_RECURSION = YES;
				CLANG_WARN_INT_CONVERSION = YES;
				CLANG_WARN_NON_LITERAL_NULL_CONVERSION = YES;
				CLANG_WARN_OBJC_IMPLICIT_RETAIN_SELF = YES;
				CLANG_WARN_OBJC_LITERAL_CONVERSION = YES;
				CLANG_WARN_OBJC_ROOT_CLASS = YES_ERROR;
				CLANG_WARN_RANGE_LOOP_ANALYSIS = YES;
				CLANG_WARN_STRICT_PROTOTYPES = YES;
				CLANG_WARN_SUSPICIOUS_MOVE = YES;
				CLANG_WARN_UNGUARDED_AVAILABILITY = YES_AGGRESSIVE;
				CLANG_WARN_UNREACHABLE_CODE = YES;
				CLANG_WARN__DUPLICATE_METHOD_MATCH = YES;
				CODE_SIGN_IDENTITY = "iPhone Developer";
				COPY_PHASE_STRIP = NO;
				DEBUG_INFORMATION_FORMAT = "dwarf-with-dsym";
				ENABLE_NS_ASSERTIONS = NO;
				ENABLE_STRICT_OBJC_MSGSEND = YES;
				GCC_C_LANGUAGE_STANDARD = gnu11;
				GCC_NO_COMMON_BLOCKS = YES;
				GCC_WARN_64_TO_32_BIT_CONVERSION = YES;
				GCC_WARN_ABOUT_RETURN_TYPE = YES_ERROR;
				GCC_WARN_UNDECLARED_SELECTOR = YES;
				GCC_WARN_UNINITIALIZED_AUTOS = YES_AGGRESSIVE;
				GCC_WARN_UNUSED_FUNCTION = YES;
				GCC_WARN_UNUSED_VARIABLE = YES;
				IPHONEOS_DEPLOYMENT_TARGET = 11.4;
				MTL_ENABLE_DEBUG_INFO = NO;
				SDKROOT = iphoneos;
				SWIFT_COMPILATION_MODE = wholemodule;
				SWIFT_OPTIMIZATION_LEVEL = "-O";
				VALIDATE_PRODUCT = YES;
			};
			name = Release;
		};
		FC11DF7D215DD5E9009E166B /* Debug */ = {
			isa = XCBuildConfiguration;
			baseConfigurationReference = ED9AE00156156E57BD627D0B /* Pods-dbr.debug.xcconfig */;
			buildSettings = {
				ASSETCATALOG_COMPILER_APPICON_NAME = AppIcon;
				CODE_SIGN_STYLE = Automatic;
				DEVELOPMENT_TEAM = AH772288HP;
				INFOPLIST_FILE = dbr/Info.plist;
				IPHONEOS_DEPLOYMENT_TARGET = 11.4;
				LD_RUNPATH_SEARCH_PATHS = (
					"$(inherited)",
					"@executable_path/Frameworks",
				);
				PRODUCT_BUNDLE_IDENTIFIER = com.rhe.kirk.dbr;
				PRODUCT_NAME = "$(TARGET_NAME)";
				SWIFT_VERSION = 4.0;
				TARGETED_DEVICE_FAMILY = 1;
			};
			name = Debug;
		};
		FC11DF7E215DD5E9009E166B /* Release */ = {
			isa = XCBuildConfiguration;
			baseConfigurationReference = 29BA5469DBE4F7BE4A968819 /* Pods-dbr.release.xcconfig */;
			buildSettings = {
				ASSETCATALOG_COMPILER_APPICON_NAME = AppIcon;
				CODE_SIGN_STYLE = Automatic;
				DEVELOPMENT_TEAM = AH772288HP;
				INFOPLIST_FILE = dbr/Info.plist;
				IPHONEOS_DEPLOYMENT_TARGET = 11.4;
				LD_RUNPATH_SEARCH_PATHS = (
					"$(inherited)",
					"@executable_path/Frameworks",
				);
				PRODUCT_BUNDLE_IDENTIFIER = com.rhe.kirk.dbr;
				PRODUCT_NAME = "$(TARGET_NAME)";
				SWIFT_VERSION = 4.0;
				TARGETED_DEVICE_FAMILY = 1;
			};
			name = Release;
		};
		FC11DF80215DD5E9009E166B /* Debug */ = {
			isa = XCBuildConfiguration;
			buildSettings = {
				ALWAYS_EMBED_SWIFT_STANDARD_LIBRARIES = YES;
				BUNDLE_LOADER = "$(TEST_HOST)";
				CODE_SIGN_STYLE = Automatic;
				INFOPLIST_FILE = dbrTests/Info.plist;
				LD_RUNPATH_SEARCH_PATHS = (
					"$(inherited)",
					"@executable_path/Frameworks",
					"@loader_path/Frameworks",
				);
				PRODUCT_BUNDLE_IDENTIFIER = com.kirk.dbrTests;
				PRODUCT_NAME = "$(TARGET_NAME)";
				SWIFT_VERSION = 4.0;
				TARGETED_DEVICE_FAMILY = "1,2";
				TEST_HOST = "$(BUILT_PRODUCTS_DIR)/dbr.app/dbr";
			};
			name = Debug;
		};
		FC11DF81215DD5E9009E166B /* Release */ = {
			isa = XCBuildConfiguration;
			buildSettings = {
				ALWAYS_EMBED_SWIFT_STANDARD_LIBRARIES = YES;
				BUNDLE_LOADER = "$(TEST_HOST)";
				CODE_SIGN_STYLE = Automatic;
				INFOPLIST_FILE = dbrTests/Info.plist;
				LD_RUNPATH_SEARCH_PATHS = (
					"$(inherited)",
					"@executable_path/Frameworks",
					"@loader_path/Frameworks",
				);
				PRODUCT_BUNDLE_IDENTIFIER = com.kirk.dbrTests;
				PRODUCT_NAME = "$(TARGET_NAME)";
				SWIFT_VERSION = 4.0;
				TARGETED_DEVICE_FAMILY = "1,2";
				TEST_HOST = "$(BUILT_PRODUCTS_DIR)/dbr.app/dbr";
			};
			name = Release;
		};
/* End XCBuildConfiguration section */

/* Begin XCConfigurationList section */
		FC11DF5A215DD5E7009E166B /* Build configuration list for PBXProject "dbr" */ = {
			isa = XCConfigurationList;
			buildConfigurations = (
				FC11DF7A215DD5E9009E166B /* Debug */,
				FC11DF7B215DD5E9009E166B /* Release */,
			);
			defaultConfigurationIsVisible = 0;
			defaultConfigurationName = Release;
		};
		FC11DF7C215DD5E9009E166B /* Build configuration list for PBXNativeTarget "dbr" */ = {
			isa = XCConfigurationList;
			buildConfigurations = (
				FC11DF7D215DD5E9009E166B /* Debug */,
				FC11DF7E215DD5E9009E166B /* Release */,
			);
			defaultConfigurationIsVisible = 0;
			defaultConfigurationName = Release;
		};
		FC11DF7F215DD5E9009E166B /* Build configuration list for PBXNativeTarget "dbrTests" */ = {
			isa = XCConfigurationList;
			buildConfigurations = (
				FC11DF80215DD5E9009E166B /* Debug */,
				FC11DF81215DD5E9009E166B /* Release */,
			);
			defaultConfigurationIsVisible = 0;
			defaultConfigurationName = Release;
		};
/* End XCConfigurationList section */
	};
	rootObject = FC11DF57215DD5E7009E166B /* Project object */;
}
